
Microsoft Visual Studio Solution File, Format Version 12.00
# Visual Studio Version 17
VisualStudioVersion = 17.3.32901.215
MinimumVisualStudioVersion = 10.0.40219.1
Project("{FAE04EC0-301F-11D3-BF4B-00C04F79EFBC}") = "ProgressTest3_Link2", "ProgressTest3_Link2.csproj", "{27103542-3C84-43C8-8D8D-72D036B4106B}"
EndProject
Global
	GlobalSection(SolutionConfigurationPlatforms) = preSolution
		Debug|Any CPU = Debug|Any CPU
		Release|Any CPU = Release|Any CPU
	EndGlobalSection
	GlobalSection(ProjectConfigurationPlatforms) = postSolution
		{27103542-3C84-43C8-8D8D-72D036B4106B}.Debug|Any CPU.ActiveCfg = Debug|Any CPU
		{27103542-3C84-43C8-8D8D-72D036B4106B}.Debug|Any CPU.Build.0 = Debug|Any CPU
		{27103542-3C84-43C8-8D8D-72D036B4106B}.Release|Any CPU.ActiveCfg = Release|Any CPU
		{27103542-3C84-43C8-8D8D-72D036B4106B}.Release|Any CPU.Build.0 = Release|Any CPU
	EndGlobalSection
	GlobalSection(SolutionProperties) = preSolution
		HideSolutionNode = FALSE
	EndGlobalSection
	GlobalSection(ExtensibilityGlobals) = postSolution
		SolutionGuid = {65F62036-15B7-4FA3-AAE2-428CB8B4AF78}
	EndGlobalSection
EndGlobal
